dependencies:
- name: hatchet-api
  repository: file://../hatchet-api
  version: 0.6.8
- name: hatchet-api
  repository: file://../hatchet-api
  version: 0.6.8
- name: hatchet-frontend
  repository: file://../hatchet-frontend
  version: 0.6.8
- name: rabbitmq
  repository: https://charts.bitnami.com/bitnami
  version: 12.15.0
- name: workers
  repository: file://../hatchet-workers
  version: 0.6.8
digest: sha256:f7d3604a71e1711987a40cec5fa4bad2bc62acda41d1ba03551b5160ed3e31ef
generated: "2024-11-07T16:46:34.50068-08:00"
